
Microsoft Visual Studio Solution File, Format Version 12.00
# Visual Studio Version 17
VisualStudioVersion = 17.4.33103.184
MinimumVisualStudioVersion = 10.0.40219.1
Project("{FAE04EC0-301F-11D3-BF4B-00C04F79EFBC}") = "RorderPtuDecomp", "RorderPtuDecomp\RorderPtuDecomp.csproj", "{66DB6587-5D6A-4AE7-B5B5-2D726713DBDB}"
EndProject
Project("{9A19103F-16F7-4668-BE54-9A1E7A4F7556}") = "UndertaleModLib", "..\..\..\Documents\UndertaleModTool\UndertaleModLib\UndertaleModLib.csproj", "{E0262DF4-3BFD-4B54-AD88-69C8FD74516F}"
EndProject
Global
	GlobalSection(SolutionConfigurationPlatforms) = preSolution
		Debug|Any CPU = Debug|Any CPU
		Debug|x64 = Debug|x64
		Release|Any CPU = Release|Any CPU
		Release|x64 = Release|x64
	EndGlobalSection
	GlobalSection(ProjectConfigurationPlatforms) = postSolution
		{66DB6587-5D6A-4AE7-B5B5-2D726713DBDB}.Debug|Any CPU.ActiveCfg = Debug|Any CPU
		{66DB6587-5D6A-4AE7-B5B5-2D726713DBDB}.Debug|Any CPU.Build.0 = Debug|Any CPU
		{66DB6587-5D6A-4AE7-B5B5-2D726713DBDB}.Debug|x64.ActiveCfg = Debug|Any CPU
		{66DB6587-5D6A-4AE7-B5B5-2D726713DBDB}.Debug|x64.Build.0 = Debug|Any CPU
		{66DB6587-5D6A-4AE7-B5B5-2D726713DBDB}.Release|Any CPU.ActiveCfg = Release|Any CPU
		{66DB6587-5D6A-4AE7-B5B5-2D726713DBDB}.Release|Any CPU.Build.0 = Release|Any CPU
		{66DB6587-5D6A-4AE7-B5B5-2D726713DBDB}.Release|x64.ActiveCfg = Release|Any CPU
		{66DB6587-5D6A-4AE7-B5B5-2D726713DBDB}.Release|x64.Build.0 = Release|Any CPU
		{E0262DF4-3BFD-4B54-AD88-69C8FD74516F}.Debug|Any CPU.ActiveCfg = Debug|Any CPU
		{E0262DF4-3BFD-4B54-AD88-69C8FD74516F}.Debug|Any CPU.Build.0 = Debug|Any CPU
		{E0262DF4-3BFD-4B54-AD88-69C8FD74516F}.Debug|x64.ActiveCfg = Debug|x64
		{E0262DF4-3BFD-4B54-AD88-69C8FD74516F}.Debug|x64.Build.0 = Debug|x64
		{E0262DF4-3BFD-4B54-AD88-69C8FD74516F}.Release|Any CPU.ActiveCfg = Release|Any CPU
		{E0262DF4-3BFD-4B54-AD88-69C8FD74516F}.Release|Any CPU.Build.0 = Release|Any CPU
		{E0262DF4-3BFD-4B54-AD88-69C8FD74516F}.Release|x64.ActiveCfg = Release|x64
		{E0262DF4-3BFD-4B54-AD88-69C8FD74516F}.Release|x64.Build.0 = Release|x64
	EndGlobalSection
	GlobalSection(SolutionProperties) = preSolution
		HideSolutionNode = FALSE
	EndGlobalSection
	GlobalSection(ExtensibilityGlobals) = postSolution
		SolutionGuid = {103D5BE1-D91B-4133-A75C-305D087C86C4}
	EndGlobalSection
EndGlobal
